{
  "name": "create-honc-app",
  "version": "1.5.1",
  "lockfileVersion": 3,
  "requires": true,
  "packages": {
    "": {
      "name": "create-honc-app",
      "version": "1.5.1",
      "license": "MIT",
      "dependencies": {
        "@clack/core": "^0.3.4",
        "@clack/prompts": "^0.7.0",
        "@neondatabase/api-client": "1.11.2",
        "giget": "^1.2.3",
        "open": "^10.1.0",
        "oslo": "^1.2.1",
        "picocolors": "^1.0.1"
      },
      "bin": {
        "create-honc-app": "dist/index.js"
      },
      "devDependencies": {
        "@types/node": "^22.2.0",
        "rimraf": "^6.0.1",
        "tsup": "^8.2.3"
      },
      "engines": {
        "node": ">=18.17.0"
      }
    },
    "../node_modules/.pnpm/@clack+core@0.3.4/node_modules/@clack/core": {
      "version": "0.3.4",
      "license": "MIT",
      "dependencies": {
        "picocolors": "^1.0.0",
        "sisteransi": "^1.0.5"
      },
      "devDependencies": {
        "wrap-ansi": "^8.1.0"
      }
    },
    "../node_modules/.pnpm/@clack+prompts@0.7.0/node_modules/@clack/prompts": {
      "version": "0.7.0",
      "bundleDependencies": [
        "is-unicode-supported"
      ],
      "license": "MIT",
      "dependencies": {
        "@clack/core": "^0.3.3",
        "picocolors": "^1.0.0",
        "sisteransi": "^1.0.5"
      },
      "devDependencies": {
        "is-unicode-supported": "^1.3.0"
      }
    },
    "../node_modules/.pnpm/@clack+prompts@0.7.0/node_modules/@clack/prompts/node_modules/is-unicode-supported": {
      "version": "1.3.0",
      "dev": true,
      "inBundle": true,
      "license": "MIT",
      "engines": {
        "node": ">=12"
      },
      "funding": {
        "url": "https://github.com/sponsors/sindresorhus"
      }
    },
    "../node_modules/.pnpm/@types+node@22.2.0/node_modules/@types/node": {
      "version": "22.2.0",
      "dev": true,
      "license": "MIT",
      "dependencies": {
        "undici-types": "~6.13.0"
      }
    },
    "../node_modules/.pnpm/giget@1.2.3/node_modules/giget": {
      "version": "1.2.3",
      "license": "MIT",
      "dependencies": {
        "citty": "^0.1.6",
        "consola": "^3.2.3",
        "defu": "^6.1.4",
        "node-fetch-native": "^1.6.3",
        "nypm": "^0.3.8",
        "ohash": "^1.1.3",
        "pathe": "^1.1.2",
        "tar": "^6.2.0"
      },
      "bin": {
        "giget": "dist/cli.mjs"
      },
      "devDependencies": {
        "@types/node": "^20.11.30",
        "@types/tar": "^6.1.11",
        "@vitest/coverage-v8": "^1.4.0",
        "changelogen": "^0.5.5",
        "eslint": "^8.57.0",
        "eslint-config-unjs": "^0.2.1",
        "jiti": "^1.21.0",
        "prettier": "^3.2.5",
        "typescript": "^5.4.3",
        "unbuild": "^2.0.0",
        "vitest": "^1.4.0"
      }
    },
    "../node_modules/.pnpm/open@10.1.0/node_modules/open": {
      "version": "10.1.0",
      "license": "MIT",
      "dependencies": {
        "default-browser": "^5.2.1",
        "define-lazy-prop": "^3.0.0",
        "is-inside-container": "^1.0.0",
        "is-wsl": "^3.1.0"
      },
      "devDependencies": {
        "@types/node": "^20.10.5",
        "ava": "^6.0.1",
        "tsd": "^0.30.1",
        "xo": "^0.56.0"
      },
      "engines": {
        "node": ">=18"
      },
      "funding": {
        "url": "https://github.com/sponsors/sindresorhus"
      }
    },
    "../node_modules/.pnpm/oslo@1.2.1/node_modules/oslo": {
      "version": "1.2.1",
      "license": "MIT",
      "dependencies": {
        "@node-rs/argon2": "1.7.0",
        "@node-rs/bcrypt": "1.9.0"
      },
      "devDependencies": {
        "@scure/base": "^1.1.3",
        "@types/node": "^20.8.6",
        "@typescript-eslint/eslint-plugin": "^6.7.5",
        "@typescript-eslint/parser": "^6.7.5",
        "auri": "1.0.2",
        "eslint": "^8.51.0",
        "prettier": "^3.0.3",
        "typescript": "^5.2.2",
        "vitest": "^0.34.6"
      }
    },
    "../node_modules/.pnpm/picocolors@1.0.1/node_modules/picocolors": {
      "version": "1.0.1",
      "license": "ISC"
    },
    "../node_modules/.pnpm/rimraf@6.0.1/node_modules/rimraf": {
      "version": "6.0.1",
      "dev": true,
      "license": "ISC",
      "dependencies": {
        "glob": "^11.0.0",
        "package-json-from-dist": "^1.0.0"
      },
      "bin": {
        "rimraf": "dist/esm/bin.mjs"
      },
      "devDependencies": {
        "@types/node": "^20.14.10",
        "mkdirp": "^3.0.1",
        "prettier": "^3.3.2",
        "tap": "^20.0.3",
        "tshy": "^2.0.1",
        "typedoc": "^0.26.3"
      },
      "engines": {
        "node": "20 || >=22"
      },
      "funding": {
        "url": "https://github.com/sponsors/isaacs"
      }
    },
    "../node_modules/.pnpm/tsup@8.2.4_jiti@1.21.6_postcss@8.4.47_tsx@4.19.2_typescript@5.6.2/node_modules/tsup": {
      "version": "8.2.4",
      "dev": true,
      "license": "MIT",
      "dependencies": {
        "bundle-require": "^5.0.0",
        "cac": "^6.7.14",
        "chokidar": "^3.6.0",
        "consola": "^3.2.3",
        "debug": "^4.3.5",
        "esbuild": "^0.23.0",
        "execa": "^5.1.1",
        "globby": "^11.1.0",
        "joycon": "^3.1.1",
        "picocolors": "^1.0.1",
        "postcss-load-config": "^6.0.1",
        "resolve-from": "^5.0.0",
        "rollup": "^4.19.0",
        "source-map": "0.8.0-beta.0",
        "sucrase": "^3.35.0",
        "tree-kill": "^1.2.2"
      },
      "bin": {
        "tsup": "dist/cli-default.js",
        "tsup-node": "dist/cli-node.js"
      },
      "devDependencies": {
        "@microsoft/api-extractor": "^7.47.2",
        "@rollup/plugin-json": "6.1.0",
        "@swc/core": "1.7.0",
        "@types/debug": "4.1.12",
        "@types/fs-extra": "11.0.4",
        "@types/node": "20.14.11",
        "@types/resolve": "1.20.6",
        "flat": "6.0.1",
        "fs-extra": "11.2.0",
        "postcss": "8.4.39",
        "postcss-simple-vars": "7.0.1",
        "prettier": "3.3.3",
        "resolve": "1.22.8",
        "rollup-plugin-dts": "6.1.1",
        "sass": "1.77.8",
        "strip-json-comments": "5.0.1",
        "svelte": "3.49.0",
        "svelte-preprocess": "5.0.3",
        "terser": "^5.31.3",
        "ts-essentials": "10.0.1",
        "tsup": "8.2.1",
        "typescript": "5.5.3",
        "vitest": "2.0.3",
        "wait-for-expect": "3.0.2"
      },
      "engines": {
        "node": ">=18"
      },
      "peerDependencies": {
        "@microsoft/api-extractor": "^7.36.0",
        "@swc/core": "^1",
        "postcss": "^8.4.12",
        "typescript": ">=4.5.0"
      },
      "peerDependenciesMeta": {
        "@microsoft/api-extractor": {
          "optional": true
        },
        "@swc/core": {
          "optional": true
        },
        "postcss": {
          "optional": true
        },
        "typescript": {
          "optional": true
        }
      }
    },
    "node_modules/@clack/core": {
      "resolved": "../node_modules/.pnpm/@clack+core@0.3.4/node_modules/@clack/core",
      "link": true
    },
    "node_modules/@clack/prompts": {
      "resolved": "../node_modules/.pnpm/@clack+prompts@0.7.0/node_modules/@clack/prompts",
      "link": true
    },
    "node_modules/@neondatabase/api-client": {
      "version": "1.11.2",
      "resolved": "https://registry.npmjs.org/@neondatabase/api-client/-/api-client-1.11.2.tgz",
      "integrity": "sha512-W9M5MQGAGnArlzzg5mWWhkt9EIZpTG/q1Z3a4rgGUPh8t6S6rXaREpnMeQTbFGoQLdD7zlogS8WD/tb2ADM3Zg==",
      "license": "MIT",
      "dependencies": {
        "axios": "^1.7.9"
      }
    },
    "node_modules/@types/node": {
      "resolved": "../node_modules/.pnpm/@types+node@22.2.0/node_modules/@types/node",
      "link": true
    },
    "node_modules/asynckit": {
      "version": "0.4.0",
      "resolved": "https://registry.npmjs.org/asynckit/-/asynckit-0.4.0.tgz",
      "integrity": "sha512-Oei9OH4tRh0YqU3GxhX79dM/mwVgvbZJaSNaRk+bshkj0S5cfHcgYakreBjrHwatXKbz+IoIdYLxrKim2MjW0Q==",
      "license": "MIT"
    },
    "node_modules/axios": {
      "version": "1.8.4",
      "resolved": "https://registry.npmjs.org/axios/-/axios-1.8.4.tgz",
      "integrity": "sha512-eBSYY4Y68NNlHbHBMdeDmKNtDgXWhQsJcGqzO3iLUM0GraQFSS9cVgPX5I9b3lbdFKyYoAEGAZF1DwhTaljNAw==",
      "license": "MIT",
      "dependencies": {
        "follow-redirects": "^1.15.6",
        "form-data": "^4.0.0",
        "proxy-from-env": "^1.1.0"
      }
    },
    "node_modules/call-bind-apply-helpers": {
      "version": "1.0.2",
      "resolved": "https://registry.npmjs.org/call-bind-apply-helpers/-/call-bind-apply-helpers-1.0.2.tgz",
      "integrity": "sha512-Sp1ablJ0ivDkSzjcaJdxEunN5/XvksFJ2sMBFfq6x0ryhQV/2b/KwFe21cMpmHtPOSij8K99/wSfoEuTObmuMQ==",
      "license": "MIT",
      "dependencies": {
        "es-errors": "^1.3.0",
        "function-bind": "^1.1.2"
      },
      "engines": {
        "node": ">= 0.4"
      }
    },
    "node_modules/combined-stream": {
      "version": "1.0.8",
      "resolved": "https://registry.npmjs.org/combined-stream/-/combined-stream-1.0.8.tgz",
      "integrity": "sha512-FQN4MRfuJeHf7cBbBMJFXhKSDq+2kAArBlmRBvcvFE5BB1HZKXtSFASDhdlz9zOYwxh8lDdnvmMOe/+5cdoEdg==",
      "license": "MIT",
      "dependencies": {
        "delayed-stream": "~1.0.0"
      },
      "engines": {
        "node": ">= 0.8"
      }
    },
    "node_modules/delayed-stream": {
      "version": "1.0.0",
      "resolved": "https://registry.npmjs.org/delayed-stream/-/delayed-stream-1.0.0.tgz",
      "integrity": "sha512-ZySD7Nf91aLB0RxL4KGrKHBXl7Eds1DAmEdcoVawXnLD7SDhpNgtuII2aAkg7a7QS41jxPSZ17p4VdGnMHk3MQ==",
      "license": "MIT",
      "engines": {
        "node": ">=0.4.0"
      }
    },
    "node_modules/dunder-proto": {
      "version": "1.0.1",
      "resolved": "https://registry.npmjs.org/dunder-proto/-/dunder-proto-1.0.1.tgz",
      "integrity": "sha512-KIN/nDJBQRcXw0MLVhZE9iQHmG68qAVIBg9CqmUYjmQIhgij9U5MFvrqkUL5FbtyyzZuOeOt0zdeRe4UY7ct+A==",
      "license": "MIT",
      "dependencies": {
        "call-bind-apply-helpers": "^1.0.1",
        "es-errors": "^1.3.0",
        "gopd": "^1.2.0"
      },
      "engines": {
        "node": ">= 0.4"
      }
    },
    "node_modules/es-define-property": {
      "version": "1.0.1",
      "resolved": "https://registry.npmjs.org/es-define-property/-/es-define-property-1.0.1.tgz",
      "integrity": "sha512-e3nRfgfUZ4rNGL232gUgX06QNyyez04KdjFrF+LTRoOXmrOgFKDg4BCdsjW8EnT69eqdYGmRpJwiPVYNrCaW3g==",
      "license": "MIT",
      "engines": {
        "node": ">= 0.4"
      }
    },
    "node_modules/es-errors": {
      "version": "1.3.0",
      "resolved": "https://registry.npmjs.org/es-errors/-/es-errors-1.3.0.tgz",
      "integrity": "sha512-Zf5H2Kxt2xjTvbJvP2ZWLEICxA6j+hAmMzIlypy4xcBg1vKVnx89Wy0GbS+kf5cwCVFFzdCFh2XSCFNULS6csw==",
      "license": "MIT",
      "engines": {
        "node": ">= 0.4"
      }
    },
    "node_modules/es-object-atoms": {
      "version": "1.1.1",
      "resolved": "https://registry.npmjs.org/es-object-atoms/-/es-object-atoms-1.1.1.tgz",
      "integrity": "sha512-FGgH2h8zKNim9ljj7dankFPcICIK9Cp5bm+c2gQSYePhpaG5+esrLODihIorn+Pe6FGJzWhXQotPv73jTaldXA==",
      "license": "MIT",
      "dependencies": {
        "es-errors": "^1.3.0"
      },
      "engines": {
        "node": ">= 0.4"
      }
    },
    "node_modules/es-set-tostringtag": {
      "version": "2.1.0",
      "resolved": "https://registry.npmjs.org/es-set-tostringtag/-/es-set-tostringtag-2.1.0.tgz",
      "integrity": "sha512-j6vWzfrGVfyXxge+O0x5sh6cvxAog0a/4Rdd2K36zCMV5eJ+/+tOAngRO8cODMNWbVRdVlmGZQL2YS3yR8bIUA==",
      "license": "MIT",
      "dependencies": {
        "es-errors": "^1.3.0",
        "get-intrinsic": "^1.2.6",
        "has-tostringtag": "^1.0.2",
        "hasown": "^2.0.2"
      },
      "engines": {
        "node": ">= 0.4"
      }
    },
    "node_modules/follow-redirects": {
      "version": "1.15.9",
      "resolved": "https://registry.npmjs.org/follow-redirects/-/follow-redirects-1.15.9.tgz",
      "integrity": "sha512-gew4GsXizNgdoRyqmyfMHyAmXsZDk6mHkSxZFCzW9gwlbtOW44CDtYavM+y+72qD/Vq2l550kMF52DT8fOLJqQ==",
      "funding": [
        {
          "type": "individual",
          "url": "https://github.com/sponsors/RubenVerborgh"
        }
      ],
      "license": "MIT",
      "engines": {
        "node": ">=4.0"
      },
      "peerDependenciesMeta": {
        "debug": {
          "optional": true
        }
      }
    },
    "node_modules/form-data": {
      "version": "4.0.2",
      "resolved": "https://registry.npmjs.org/form-data/-/form-data-4.0.2.tgz",
      "integrity": "sha512-hGfm/slu0ZabnNt4oaRZ6uREyfCj6P4fT/n6A1rGV+Z0VdGXjfOhVUpkn6qVQONHGIFwmveGXyDs75+nr6FM8w==",
      "license": "MIT",
      "dependencies": {
        "asynckit": "^0.4.0",
        "combined-stream": "^1.0.8",
        "es-set-tostringtag": "^2.1.0",
        "mime-types": "^2.1.12"
      },
      "engines": {
        "node": ">= 6"
      }
    },
    "node_modules/function-bind": {
      "version": "1.1.2",
      "resolved": "https://registry.npmjs.org/function-bind/-/function-bind-1.1.2.tgz",
      "integrity": "sha512-7XHNxH7qX9xG5mIwxkhumTox/MIRNcOgDrxWsMt2pAr23WHp6MrRlN7FBSFpCpr+oVO0F744iUgR82nJMfG2SA==",
      "license": "MIT",
      "funding": {
        "url": "https://github.com/sponsors/ljharb"
      }
    },
    "node_modules/get-intrinsic": {
      "version": "1.3.0",
      "resolved": "https://registry.npmjs.org/get-intrinsic/-/get-intrinsic-1.3.0.tgz",
      "integrity": "sha512-9fSjSaos/fRIVIp+xSJlE6lfwhES7LNtKaCBIamHsjr2na1BiABJPo0mOjjz8GJDURarmCPGqaiVg5mfjb98CQ==",
      "license": "MIT",
      "dependencies": {
        "call-bind-apply-helpers": "^1.0.2",
        "es-define-property": "^1.0.1",
        "es-errors": "^1.3.0",
        "es-object-atoms": "^1.1.1",
        "function-bind": "^1.1.2",
        "get-proto": "^1.0.1",
        "gopd": "^1.2.0",
        "has-symbols": "^1.1.0",
        "hasown": "^2.0.2",
        "math-intrinsics": "^1.1.0"
      },
      "engines": {
        "node": ">= 0.4"
      },
      "funding": {
        "url": "https://github.com/sponsors/ljharb"
      }
    },
    "node_modules/get-proto": {
      "version": "1.0.1",
      "resolved": "https://registry.npmjs.org/get-proto/-/get-proto-1.0.1.tgz",
      "integrity": "sha512-sTSfBjoXBp89JvIKIefqw7U2CCebsc74kiY6awiGogKtoSGbgjYE/G/+l9sF3MWFPNc9IcoOC4ODfKHfxFmp0g==",
      "license": "MIT",
      "dependencies": {
        "dunder-proto": "^1.0.1",
        "es-object-atoms": "^1.0.0"
      },
      "engines": {
        "node": ">= 0.4"
      }
    },
    "node_modules/giget": {
      "resolved": "../node_modules/.pnpm/giget@1.2.3/node_modules/giget",
      "link": true
    },
    "node_modules/gopd": {
      "version": "1.2.0",
      "resolved": "https://registry.npmjs.org/gopd/-/gopd-1.2.0.tgz",
      "integrity": "sha512-ZUKRh6/kUFoAiTAtTYPZJ3hw9wNxx+BIBOijnlG9PnrJsCcSjs1wyyD6vJpaYtgnzDrKYRSqf3OO6Rfa93xsRg==",
      "license": "MIT",
      "engines": {
        "node": ">= 0.4"
      },
      "funding": {
        "url": "https://github.com/sponsors/ljharb"
      }
    },
    "node_modules/has-symbols": {
      "version": "1.1.0",
      "resolved": "https://registry.npmjs.org/has-symbols/-/has-symbols-1.1.0.tgz",
      "integrity": "sha512-1cDNdwJ2Jaohmb3sg4OmKaMBwuC48sYni5HUw2DvsC8LjGTLK9h+eb1X6RyuOHe4hT0ULCW68iomhjUoKUqlPQ==",
      "license": "MIT",
      "engines": {
        "node": ">= 0.4"
      },
      "funding": {
        "url": "https://github.com/sponsors/ljharb"
      }
    },
    "node_modules/has-tostringtag": {
      "version": "1.0.2",
      "resolved": "https://registry.npmjs.org/has-tostringtag/-/has-tostringtag-1.0.2.tgz",
      "integrity": "sha512-NqADB8VjPFLM2V0VvHUewwwsw0ZWBaIdgo+ieHtK3hasLz4qeCRjYcqfB6AQrBggRKppKF8L52/VqdVsO47Dlw==",
      "license": "MIT",
      "dependencies": {
        "has-symbols": "^1.0.3"
      },
      "engines": {
        "node": ">= 0.4"
      },
      "funding": {
        "url": "https://github.com/sponsors/ljharb"
      }
    },
    "node_modules/hasown": {
      "version": "2.0.2",
      "resolved": "https://registry.npmjs.org/hasown/-/hasown-2.0.2.tgz",
      "integrity": "sha512-0hJU9SCPvmMzIBdZFqNPXWa6dqh7WdH0cII9y+CyS8rG3nL48Bclra9HmKhVVUHyPWNH5Y7xDwAB7bfgSjkUMQ==",
      "license": "MIT",
      "dependencies": {
        "function-bind": "^1.1.2"
      },
      "engines": {
        "node": ">= 0.4"
      }
    },
    "node_modules/math-intrinsics": {
      "version": "1.1.0",
      "resolved": "https://registry.npmjs.org/math-intrinsics/-/math-intrinsics-1.1.0.tgz",
      "integrity": "sha512-/IXtbwEk5HTPyEwyKX6hGkYXxM9nbj64B+ilVJnC/R6B0pH5G4V3b0pVbL7DBj4tkhBAppbQUlf6F6Xl9LHu1g==",
      "license": "MIT",
      "engines": {
        "node": ">= 0.4"
      }
    },
    "node_modules/mime-db": {
      "version": "1.52.0",
      "resolved": "https://registry.npmjs.org/mime-db/-/mime-db-1.52.0.tgz",
      "integrity": "sha512-sPU4uV7dYlvtWJxwwxHD0PuihVNiE7TyAbQ5SWxDCB9mUYvOgroQOwYQQOKPJ8CIbE+1ETVlOoK1UC2nU3gYvg==",
      "license": "MIT",
      "engines": {
        "node": ">= 0.6"
      }
    },
    "node_modules/mime-types": {
      "version": "2.1.35",
      "resolved": "https://registry.npmjs.org/mime-types/-/mime-types-2.1.35.tgz",
      "integrity": "sha512-ZDY+bPm5zTTF+YpCrAU9nK0UgICYPT0QtT1NZWFv4s++TNkcgVaT0g6+4R2uI4MjQjzysHB1zxuWL50hzaeXiw==",
      "license": "MIT",
      "dependencies": {
        "mime-db": "1.52.0"
      },
      "engines": {
        "node": ">= 0.6"
      }
    },
    "node_modules/open": {
      "resolved": "../node_modules/.pnpm/open@10.1.0/node_modules/open",
      "link": true
    },
    "node_modules/oslo": {
      "resolved": "../node_modules/.pnpm/oslo@1.2.1/node_modules/oslo",
      "link": true
    },
    "node_modules/picocolors": {
      "resolved": "../node_modules/.pnpm/picocolors@1.0.1/node_modules/picocolors",
      "link": true
    },
    "node_modules/proxy-from-env": {
      "version": "1.1.0",
      "resolved": "https://registry.npmjs.org/proxy-from-env/-/proxy-from-env-1.1.0.tgz",
      "integrity": "sha512-D+zkORCbA9f1tdWRK0RaCR3GPv50cMxcrz4X8k5LTSUD1Dkw47mKJEZQNunItRTkWwgtaUSo1RVFRIG9ZXiFYg==",
      "license": "MIT"
    },
    "node_modules/rimraf": {
      "resolved": "../node_modules/.pnpm/rimraf@6.0.1/node_modules/rimraf",
      "link": true
    },
    "node_modules/tsup": {
      "resolved": "../node_modules/.pnpm/tsup@8.2.4_jiti@1.21.6_postcss@8.4.47_tsx@4.19.2_typescript@5.6.2/node_modules/tsup",
      "link": true
    }
  }
}
