{
  "name": "@fiberplane/ascuii",
  "version": "0.0.1",
  "lockfileVersion": 3,
  "requires": true,
  "packages": {
    "": {
      "name": "@fiberplane/ascuii",
      "version": "0.0.1",
      "peerDependencies": {
        "hono": "^4.6.7"
      }
    },
    "node_modules/hono": {
      "version": "4.9.7",
      "resolved": "https://registry.npmjs.org/hono/-/hono-4.9.7.tgz",
      "integrity": "sha512-t4Te6ERzIaC48W3x4hJmBwgNlLhmiEdEE5ViYb02ffw4ignHNHa5IBtPjmbKstmtKa8X6C35iWwK4HaqvrzG9w==",
      "license": "MIT",
      "peer": true,
      "engines": {
        "node": ">=16.9.0"
      }
    }
  }
}
